
Microsoft Visual Studio Solution File, Format Version 12.00
# Visual Studio Version 16
VisualStudioVersion = 16.0.31112.23
MinimumVisualStudioVersion = 10.0.40219.1
Project("{FAE04EC0-301F-11D3-BF4B-00C04F79EFBC}") = "GADES2", "GADES2.csproj", "{FA62359A-CAED-47E0-9C3E-1CB2F5FA65BD}"
EndProject
Global
	GlobalSection(SolutionConfigurationPlatforms) = preSolution
		Debug|Any CPU = Debug|Any CPU
		Release|Any CPU = Release|Any CPU
	EndGlobalSection
	GlobalSection(ProjectConfigurationPlatforms) = postSolution
		{FA62359A-CAED-47E0-9C3E-1CB2F5FA65BD}.Debug|Any CPU.ActiveCfg = Debug|Any CPU
		{FA62359A-CAED-47E0-9C3E-1CB2F5FA65BD}.Debug|Any CPU.Build.0 = Debug|Any CPU
		{FA62359A-CAED-47E0-9C3E-1CB2F5FA65BD}.Release|Any CPU.ActiveCfg = Release|Any CPU
		{FA62359A-CAED-47E0-9C3E-1CB2F5FA65BD}.Release|Any CPU.Build.0 = Release|Any CPU
	EndGlobalSection
	GlobalSection(SolutionProperties) = preSolution
		HideSolutionNode = FALSE
	EndGlobalSection
	GlobalSection(ExtensibilityGlobals) = postSolution
		SolutionGuid = {9A844934-3CEF-4090-BC3A-314109C11F86}
	EndGlobalSection
EndGlobal
